{
    "_readme": [
        "This file locks the dependencies of your project to a known state",
        "Read more about it at http://getcomposer.org/doc/01-basic-usage.md#composer-lock-the-lock-file",
        "This file is @generated automatically"
    ],
    "hash": "f0779f5ba083d42326652d46b61493cd",
    "packages": [
        {
            "name": "pear/http_request2",
            "version": "v2.2.1",
            "source": {
                "type": "git",
                "url": "https://github.com/pear/HTTP_Request2.git",
                "reference": "d6c81670c504045248c1afdf896bb9a3288158de"
            },
            "dist": {
                "type": "zip",
                "url": "https://api.github.com/repos/pear/HTTP_Request2/zipball/d6c81670c504045248c1afdf896bb9a3288158de",
                "reference": "d6c81670c504045248c1afdf896bb9a3288158de",
                "shasum": ""
            },
            "require": {
                "pear/net_url2": ">=2.0.0",
                "pear/pear_exception": "*",
                "php": ">=5.2.0"
            },
            "suggest": {
                "ext-fileinfo": "Adds support for looking up mime-types using finfo.",
                "ext-zlib": "Allows handling gzip compressed responses.",
                "lib-curl": "Allows using cURL as a request backend.",
                "lib-openssl": "Allows handling SSL requests when not using cURL."
            },
            "type": "library",
            "autoload": {
                "psr-0": {
                    "HTTP_Request2": ""
                }
            },
            "notification-url": "https://packagist.org/downloads/",
            "license": [
                "BSD-3-Clause"
            ],
            "authors": [
                {
                    "name": "Alexey Borzov",
                    "email": "avb@php.net",
                    "role": "Developer HTML_Common2"
                }
            ],
            "description": "Provides an easy way to perform HTTP requests.",
            "homepage": "http://pear.php.net/package/HTTP_Request2",
            "keywords": [
                "PEAR",
                "curl",
                "http",
                "request"
            ],
            "time": "2014-01-16 17:27:21"
        },
        {
            "name": "pear/mail_mime",
            "version": "dev-master",
            "source": {
                "type": "git",
                "url": "https://github.com/pear/Mail_Mime.git",
                "reference": "407c330caf79ae36090c5ad6ed8b6fc8954d2828"
            },
            "dist": {
                "type": "zip",
                "url": "https://api.github.com/repos/pear/Mail_Mime/zipball/407c330caf79ae36090c5ad6ed8b6fc8954d2828",
                "reference": "407c330caf79ae36090c5ad6ed8b6fc8954d2828",
                "shasum": ""
            },
            "require": {
                "pear/pear_exception": "*"
            },
            "require-dev": {
                "phpunit/phpunit": "*"
            },
            "type": "library",
            "autoload": {
                "psr-0": {
                    "Mail": "./"
                }
            },
            "notification-url": "https://packagist.org/downloads/",
            "include-path": [
                "./"
            ],
            "license": [
                "BSD Style"
            ],
            "authors": [
                {
                    "name": "Cipriano Groenendal",
                    "email": "cipri@php.net",
                    "role": "Lead"
                },
                {
                    "name": "Aleksander Machniak",
                    "email": "alec@php.net",
                    "role": "Lead"
                }
            ],
            "description": "More info available on: http://pear.php.net/package/Mail_Mime",
            "time": "2014-05-14 08:27:27"
        },
        {
            "name": "pear/mail_mime-decode",
            "version": "1.5.5.2",
            "source": {
                "type": "git",
                "url": "https://github.com/dreamfactorysoftware/Mail_mimeDecode.git",
                "reference": "a53c1ce051b212e23f7f67ea8d31015640de1129"
            },
            "dist": {
                "type": "zip",
                "url": "https://api.github.com/repos/dreamfactorysoftware/Mail_mimeDecode/zipball/a53c1ce051b212e23f7f67ea8d31015640de1129",
                "reference": "a53c1ce051b212e23f7f67ea8d31015640de1129",
                "shasum": ""
            },
            "require": {
                "pear/pear_exception": "*"
            },
            "require-dev": {
                "phpunit/phpunit": "*"
            },
            "type": "library",
            "autoload": {
                "psr-0": {
                    "Mail_mimeDecode": ""
                }
            },
            "notification-url": "https://packagist.org/downloads/",
            "include-path": [
                "./"
            ],
            "license": [
                "BSD-2-Clause"
            ],
            "authors": [
                {
                    "name": "Cipriano Groenendal",
                    "email": "cipri@php.net",
                    "role": "Lead"
                },
                {
                    "name": "Aleksander Machniak",
                    "email": "alec@php.net",
                    "role": "Lead"
                }
            ],
            "description": "More info available on: http://pear.php.net/package/Mail_mimeDecode",
            "time": "2014-04-15 19:29:16"
        },
        {
            "name": "pear/net_url2",
            "version": "v2.0.6",
            "source": {
                "type": "git",
                "url": "https://github.com/pear/Net_URL2.git",
                "reference": "41c09cef46b0f8acbdc2266882cdcfbe1a19c55f"
            },
            "dist": {
                "type": "zip",
                "url": "https://api.github.com/repos/pear/Net_URL2/zipball/41c09cef46b0f8acbdc2266882cdcfbe1a19c55f",
                "reference": "41c09cef46b0f8acbdc2266882cdcfbe1a19c55f",
                "shasum": ""
            },
            "require": {
                "php": ">=5.1.4"
            },
            "type": "library",
            "extra": {
                "branch-alias": {
                    "dev-master": "2.0.x-dev"
                }
            },
            "autoload": {
                "psr-0": {
                    "Net_URL2": ""
                }
            },
            "notification-url": "https://packagist.org/downloads/",
            "license": [
                "BSD-3-Clause"
            ],
            "authors": [
                {
                    "name": "David Coallier",
                    "email": "davidc@php.net"
                },
                {
                    "name": "Tom Klingenberg",
                    "email": "tkli@php.net"
                },
                {
                    "name": "Christian Schmidt",
                    "email": "chmidt@php.net"
                }
            ],
            "description": "Class for parsing and handling URL. Provides parsing of URLs into their constituent parts (scheme, host, path etc.), URL generation, and resolving of relative URLs.",
            "homepage": "https://github.com/pear/Net_URL2",
            "keywords": [
                "PEAR",
                "RFC 3986",
                "net",
                "networking",
                "uri",
                "url"
            ],
            "time": "2014-06-20 23:30:37"
        },
        {
            "name": "pear/pear_exception",
            "version": "1.0-beta1",
            "source": {
                "type": "git",
                "url": "https://github.com/pear/PEAR_Exception.git",
                "reference": "f053615c7cbdfaba5a3b7021ee58a48523b8576c"
            },
            "dist": {
                "type": "zip",
                "url": "https://api.github.com/repos/pear/PEAR_Exception/zipball/f053615c7cbdfaba5a3b7021ee58a48523b8576c",
                "reference": "f053615c7cbdfaba5a3b7021ee58a48523b8576c",
                "shasum": ""
            },
            "require": {
                "php": ">=4.4.0"
            },
            "require-dev": {
                "phpunit/phpunit": "*"
            },
            "type": "class",
            "extra": {
                "branch-alias": {
                    "dev-master": "1.0.x-dev"
                }
            },
            "autoload": {
                "psr-0": {
                    "PEAR": ""
                }
            },
            "notification-url": "https://packagist.org/downloads/",
            "include-path": [
                "."
            ],
            "license": [
                "BSD-2-Clause"
            ],
            "authors": [
                {
                    "name": "Helgi Thormar",
                    "email": "dufuz@php.net",
                    "role": "Lead"
                },
                {
                    "name": "Greg Beaver",
                    "email": "cellog@php.net",
                    "role": "Helper"
                }
            ],
            "description": "The PEAR Exception base class.",
            "homepage": "https://github.com/pear/PEAR_Exception",
            "keywords": [
                "exception"
            ],
            "time": "2014-02-21 17:29:07"
        }
    ],
    "packages-dev": [],
    "aliases": [],
    "minimum-stability": "stable",
    "stability-flags": {
        "pear/pear_exception": 10,
        "pear/mail_mime": 20
    },
    "platform": [],
    "platform-dev": []
}
